
Microsoft Visual Studio Solution File, Format Version 12.00
# Visual Studio 15
VisualStudioVersion = 15.0.28307.1169
MinimumVisualStudioVersion = 10.0.40219.1
Project("{FAE04EC0-301F-11D3-BF4B-00C04F79EFBC}") = "Sokoban", "Sokoban\Sokoban.csproj", "{B3125EE2-285E-4786-9EEA-3307E19198FE}"
EndProject
Global
	GlobalSection(SolutionConfigurationPlatforms) = preSolution
		Debug|Any CPU = Debug|Any CPU
		Release|Any CPU = Release|Any CPU
	EndGlobalSection
	GlobalSection(ProjectConfigurationPlatforms) = postSolution
		{B3125EE2-285E-4786-9EEA-3307E19198FE}.Debug|Any CPU.ActiveCfg = Debug|Any CPU
		{B3125EE2-285E-4786-9EEA-3307E19198FE}.Debug|Any CPU.Build.0 = Debug|Any CPU
		{B3125EE2-285E-4786-9EEA-3307E19198FE}.Release|Any CPU.ActiveCfg = Release|Any CPU
		{B3125EE2-285E-4786-9EEA-3307E19198FE}.Release|Any CPU.Build.0 = Release|Any CPU
	EndGlobalSection
	GlobalSection(SolutionProperties) = preSolution
		HideSolutionNode = FALSE
	EndGlobalSection
	GlobalSection(ExtensibilityGlobals) = postSolution
		SolutionGuid = {54AE8979-3DC6-44C4-B810-E30402A105B1}
	EndGlobalSection
EndGlobal
